
Microsoft Visual Studio Solution File, Format Version 12.00
# Visual Studio Version 17
VisualStudioVersion = 17.2.32630.192
MinimumVisualStudioVersion = 10.0.40219.1
Project("{FAE04EC0-301F-11D3-BF4B-00C04F79EFBC}") = "OMDbLab", "OMDbLab\OMDbLab.csproj", "{EEA54BA3-DBBE-48EB-BA56-C9F6147963ED}"
EndProject
Global
	GlobalSection(SolutionConfigurationPlatforms) = preSolution
		Debug|Any CPU = Debug|Any CPU
		Release|Any CPU = Release|Any CPU
	EndGlobalSection
	GlobalSection(ProjectConfigurationPlatforms) = postSolution
		{EEA54BA3-DBBE-48EB-BA56-C9F6147963ED}.Debug|Any CPU.ActiveCfg = Debug|Any CPU
		{EEA54BA3-DBBE-48EB-BA56-C9F6147963ED}.Debug|Any CPU.Build.0 = Debug|Any CPU
		{EEA54BA3-DBBE-48EB-BA56-C9F6147963ED}.Release|Any CPU.ActiveCfg = Release|Any CPU
		{EEA54BA3-DBBE-48EB-BA56-C9F6147963ED}.Release|Any CPU.Build.0 = Release|Any CPU
	EndGlobalSection
	GlobalSection(SolutionProperties) = preSolution
		HideSolutionNode = FALSE
	EndGlobalSection
	GlobalSection(ExtensibilityGlobals) = postSolution
		SolutionGuid = {F3555018-A095-4FF2-B976-E29D40A03C7B}
	EndGlobalSection
EndGlobal
